
Microsoft Visual Studio Solution File, Format Version 12.00
# Visual Studio Version 17
VisualStudioVersion = 17.1.31911.260
MinimumVisualStudioVersion = 10.0.40219.1
Project("{F2A71F9B-5D33-465A-A702-920D77279786}") = "FsWorkflow", "FsWorkflow\FsWorkflow.fsproj", "{58221AFA-B530-44C9-BB29-EB895ADBE79B}"
EndProject
Global
	GlobalSection(SolutionConfigurationPlatforms) = preSolution
		Debug|Any CPU = Debug|Any CPU
		Release|Any CPU = Release|Any CPU
	EndGlobalSection
	GlobalSection(ProjectConfigurationPlatforms) = postSolution
		{58221AFA-B530-44C9-BB29-EB895ADBE79B}.Debug|Any CPU.ActiveCfg = Debug|Any CPU
		{58221AFA-B530-44C9-BB29-EB895ADBE79B}.Debug|Any CPU.Build.0 = Debug|Any CPU
		{58221AFA-B530-44C9-BB29-EB895ADBE79B}.Release|Any CPU.ActiveCfg = Release|Any CPU
		{58221AFA-B530-44C9-BB29-EB895ADBE79B}.Release|Any CPU.Build.0 = Release|Any CPU
	EndGlobalSection
	GlobalSection(SolutionProperties) = preSolution
		HideSolutionNode = FALSE
	EndGlobalSection
	GlobalSection(ExtensibilityGlobals) = postSolution
		SolutionGuid = {D600BBA6-3510-4E3D-9D58-A3A7B0D8604B}
	EndGlobalSection
EndGlobal
